// !$*UTF8*$!
{
	archiveVersion = 1;
	classes = {
	};
	objectVersion = 56;
	objects = {

/* Begin PBXBuildFile section */
		BE18A5B42BC19D4A00F7D3E6 /* Apple_FrameworksApp.swift in Sources */ = {isa = PBXBuildFile; fileRef = BE18A5B32BC19D4A00F7D3E6 /* Apple_FrameworksApp.swift */; };
		BE18A5B82BC19D4B00F7D3E6 /* Assets.xcassets in Resources */ = {isa = PBXBuildFile; fileRef = BE18A5B72BC19D4B00F7D3E6 /* Assets.xcassets */; };
		BE18A5BB2BC19D4B00F7D3E6 /* Preview Assets.xcassets in Resources */ = {isa = PBXBuildFile; fileRef = BE18A5BA2BC19D4B00F7D3E6 /* Preview Assets.xcassets */; };
		BE18A5C22BC19D7A00F7D3E6 /* Framework.swift in Sources */ = {isa = PBXBuildFile; fileRef = BE18A5C12BC19D7A00F7D3E6 /* Framework.swift */; };
		BE18A5C42BC1A01D00F7D3E6 /* FrameworkGridView.swift in Sources */ = {isa = PBXBuildFile; fileRef = BE18A5C32BC1A01D00F7D3E6 /* FrameworkGridView.swift */; };
		BE18A5C82BC1A73100F7D3E6 /* FrameworkDetailView.swift in Sources */ = {isa = PBXBuildFile; fileRef = BE18A5C72BC1A73100F7D3E6 /* FrameworkDetailView.swift */; };
		BE18A5CA2BC1A91D00F7D3E6 /* AFButton.swift in Sources */ = {isa = PBXBuildFile; fileRef = BE18A5C92BC1A91D00F7D3E6 /* AFButton.swift */; };
		BE18A5CC2BC1AE8600F7D3E6 /* FrameworkGridViewModel.swift in Sources */ = {isa = PBXBuildFile; fileRef = BE18A5CB2BC1AE8600F7D3E6 /* FrameworkGridViewModel.swift */; };
		BE18A5CE2BC1B36000F7D3E6 /* SafariView.swift in Sources */ = {isa = PBXBuildFile; fileRef = BE18A5CD2BC1B36000F7D3E6 /* SafariView.swift */; };
		BE18A5D02BC1B6BF00F7D3E6 /* FrameworkTitleView.swift in Sources */ = {isa = PBXBuildFile; fileRef = BE18A5CF2BC1B6BF00F7D3E6 /* FrameworkTitleView.swift */; };
		BE18A5D22BC1B71D00F7D3E6 /* XDismissButton.swift in Sources */ = {isa = PBXBuildFile; fileRef = BE18A5D12BC1B71D00F7D3E6 /* XDismissButton.swift */; };
/* End PBXBuildFile section */

/* Begin PBXFileReference section */
		BE18A5B02BC19D4A00F7D3E6 /* Apple-Frameworks.app */ = {isa = PBXFileReference; explicitFileType = wrapper.application; includeInIndex = 0; path = "Apple-Frameworks.app"; sourceTree = BUILT_PRODUCTS_DIR; };
		BE18A5B32BC19D4A00F7D3E6 /* Apple_FrameworksApp.swift */ = {isa = PBXFileReference; lastKnownFileType = sourcecode.swift; path = Apple_FrameworksApp.swift; sourceTree = "<group>"; };
		BE18A5B72BC19D4B00F7D3E6 /* Assets.xcassets */ = {isa = PBXFileReference; lastKnownFileType = folder.assetcatalog; path = Assets.xcassets; sourceTree = "<group>"; };
		BE18A5BA2BC19D4B00F7D3E6 /* Preview Assets.xcassets */ = {isa = PBXFileReference; lastKnownFileType = folder.assetcatalog; path = "Preview Assets.xcassets"; sourceTree = "<group>"; };
		BE18A5C12BC19D7A00F7D3E6 /* Framework.swift */ = {isa = PBXFileReference; lastKnownFileType = sourcecode.swift; path = Framework.swift; sourceTree = "<group>"; };
		BE18A5C32BC1A01D00F7D3E6 /* FrameworkGridView.swift */ = {isa = PBXFileReference; lastKnownFileType = sourcecode.swift; path = FrameworkGridView.swift; sourceTree = "<group>"; };
		BE18A5C72BC1A73100F7D3E6 /* FrameworkDetailView.swift */ = {isa = PBXFileReference; lastKnownFileType = sourcecode.swift; path = FrameworkDetailView.swift; sourceTree = "<group>"; };
		BE18A5C92BC1A91D00F7D3E6 /* AFButton.swift */ = {isa = PBXFileReference; lastKnownFileType = sourcecode.swift; path = AFButton.swift; sourceTree = "<group>"; };
		BE18A5CB2BC1AE8600F7D3E6 /* FrameworkGridViewModel.swift */ = {isa = PBXFileReference; lastKnownFileType = sourcecode.swift; path = FrameworkGridViewModel.swift; sourceTree = "<group>"; };
		BE18A5CD2BC1B36000F7D3E6 /* SafariView.swift */ = {isa = PBXFileReference; lastKnownFileType = sourcecode.swift; path = SafariView.swift; sourceTree = "<group>"; };
		BE18A5CF2BC1B6BF00F7D3E6 /* FrameworkTitleView.swift */ = {isa = PBXFileReference; lastKnownFileType = sourcecode.swift; path = FrameworkTitleView.swift; sourceTree = "<group>"; };
		BE18A5D12BC1B71D00F7D3E6 /* XDismissButton.swift */ = {isa = PBXFileReference; lastKnownFileType = sourcecode.swift; path = XDismissButton.swift; sourceTree = "<group>"; };
/* End PBXFileReference section */

/* Begin PBXFrameworksBuildPhase section */
		BE18A5AD2BC19D4A00F7D3E6 /* Frameworks */ = {
			isa = PBXFrameworksBuildPhase;
			buildActionMask = 2147483647;
			files = (
			);
			runOnlyForDeploymentPostprocessing = 0;
		};
/* End PBXFrameworksBuildPhase section */

/* Begin PBXGroup section */
		BE18A5A72BC19D4900F7D3E6 = {
			isa = PBXGroup;
			children = (
				BE18A5B22BC19D4A00F7D3E6 /* Apple-Frameworks */,
				BE18A5B12BC19D4A00F7D3E6 /* Products */,
			);
			sourceTree = "<group>";
		};
		BE18A5B12BC19D4A00F7D3E6 /* Products */ = {
			isa = PBXGroup;
			children = (
				BE18A5B02BC19D4A00F7D3E6 /* Apple-Frameworks.app */,
			);
			name = Products;
			sourceTree = "<group>";
		};
		BE18A5B22BC19D4A00F7D3E6 /* Apple-Frameworks */ = {
			isa = PBXGroup;
			children = (
				BE18A5DA2BC1B90D00F7D3E6 /* UIKit Components */,
				BE18A5D72BC1B8D000F7D3E6 /* Views */,
				BE18A5D62BC1B87500F7D3E6 /* Model */,
				BE18A5D32BC1B82100F7D3E6 /* Screens */,
				BE18A5B32BC19D4A00F7D3E6 /* Apple_FrameworksApp.swift */,
				BE18A5B72BC19D4B00F7D3E6 /* Assets.xcassets */,
				BE18A5B92BC19D4B00F7D3E6 /* Preview Content */,
			);
			path = "Apple-Frameworks";
			sourceTree = "<group>";
		};
		BE18A5B92BC19D4B00F7D3E6 /* Preview Content */ = {
			isa = PBXGroup;
			children = (
				BE18A5BA2BC19D4B00F7D3E6 /* Preview Assets.xcassets */,
			);
			path = "Preview Content";
			sourceTree = "<group>";
		};
		BE18A5D32BC1B82100F7D3E6 /* Screens */ = {
			isa = PBXGroup;
			children = (
				BE18A5D42BC1B82F00F7D3E6 /* FrameworkGridView */,
				BE18A5D52BC1B85900F7D3E6 /* FrameworkDetailView */,
			);
			path = Screens;
			sourceTree = "<group>";
		};
		BE18A5D42BC1B82F00F7D3E6 /* FrameworkGridView */ = {
			isa = PBXGroup;
			children = (
				BE18A5C32BC1A01D00F7D3E6 /* FrameworkGridView.swift */,
				BE18A5CB2BC1AE8600F7D3E6 /* FrameworkGridViewModel.swift */,
			);
			path = FrameworkGridView;
			sourceTree = "<group>";
		};
		BE18A5D52BC1B85900F7D3E6 /* FrameworkDetailView */ = {
			isa = PBXGroup;
			children = (
				BE18A5C72BC1A73100F7D3E6 /* FrameworkDetailView.swift */,
			);
			path = FrameworkDetailView;
			sourceTree = "<group>";
		};
		BE18A5D62BC1B87500F7D3E6 /* Model */ = {
			isa = PBXGroup;
			children = (
				BE18A5C12BC19D7A00F7D3E6 /* Framework.swift */,
			);
			path = Model;
			sourceTree = "<group>";
		};
		BE18A5D72BC1B8D000F7D3E6 /* Views */ = {
			isa = PBXGroup;
			children = (
				BE18A5D92BC1B8FA00F7D3E6 /* View */,
				BE18A5D82BC1B8D800F7D3E6 /* Buttons */,
			);
			path = Views;
			sourceTree = "<group>";
		};
		BE18A5D82BC1B8D800F7D3E6 /* Buttons */ = {
			isa = PBXGroup;
			children = (
				BE18A5C92BC1A91D00F7D3E6 /* AFButton.swift */,
				BE18A5D12BC1B71D00F7D3E6 /* XDismissButton.swift */,
			);
			path = Buttons;
			sourceTree = "<group>";
		};
		BE18A5D92BC1B8FA00F7D3E6 /* View */ = {
			isa = PBXGroup;
			children = (
				BE18A5CF2BC1B6BF00F7D3E6 /* FrameworkTitleView.swift */,
			);
			path = View;
			sourceTree = "<group>";
		};
		BE18A5DA2BC1B90D00F7D3E6 /* UIKit Components */ = {
			isa = PBXGroup;
			children = (
				BE18A5CD2BC1B36000F7D3E6 /* SafariView.swift */,
			);
			path = "UIKit Components";
			sourceTree = "<group>";
		};
/* End PBXGroup section */

/* Begin PBXNativeTarget section */
		BE18A5AF2BC19D4A00F7D3E6 /* Apple-Frameworks */ = {
			isa = PBXNativeTarget;
			buildConfigurationList = BE18A5BE2BC19D4B00F7D3E6 /* Build configuration list for PBXNativeTarget "Apple-Frameworks" */;
			buildPhases = (
				BE18A5AC2BC19D4A00F7D3E6 /* Sources */,
				BE18A5AD2BC19D4A00F7D3E6 /* Frameworks */,
				BE18A5AE2BC19D4A00F7D3E6 /* Resources */,
			);
			buildRules = (
			);
			dependencies = (
			);
			name = "Apple-Frameworks";
			productName = "Apple-Frameworks";
			productReference = BE18A5B02BC19D4A00F7D3E6 /* Apple-Frameworks.app */;
			productType = "com.apple.product-type.application";
		};
/* End PBXNativeTarget section */

/* Begin PBXProject section */
		BE18A5A82BC19D4900F7D3E6 /* Project object */ = {
			isa = PBXProject;
			attributes = {
				BuildIndependentTargetsInParallel = 1;
				LastSwiftUpdateCheck = 1530;
				LastUpgradeCheck = 1530;
				TargetAttributes = {
					BE18A5AF2BC19D4A00F7D3E6 = {
						CreatedOnToolsVersion = 15.3;
					};
				};
			};
			buildConfigurationList = BE18A5AB2BC19D4900F7D3E6 /* Build configuration list for PBXProject "Apple-Frameworks" */;
			compatibilityVersion = "Xcode 14.0";
			developmentRegion = en;
			hasScannedForEncodings = 0;
			knownRegions = (
				en,
				Base,
			);
			mainGroup = BE18A5A72BC19D4900F7D3E6;
			productRefGroup = BE18A5B12BC19D4A00F7D3E6 /* Products */;
			projectDirPath = "";
			projectRoot = "";
			targets = (
				BE18A5AF2BC19D4A00F7D3E6 /* Apple-Frameworks */,
			);
		};
/* End PBXProject section */

/* Begin PBXResourcesBuildPhase section */
		BE18A5AE2BC19D4A00F7D3E6 /* Resources */ = {
			isa = PBXResourcesBuildPhase;
			buildActionMask = 2147483647;
			files = (
				BE18A5BB2BC19D4B00F7D3E6 /* Preview Assets.xcassets in Resources */,
				BE18A5B82BC19D4B00F7D3E6 /* Assets.xcassets in Resources */,
			);
			runOnlyForDeploymentPostprocessing = 0;
		};
/* End PBXResourcesBuildPhase section */

/* Begin PBXSourcesBuildPhase section */
		BE18A5AC2BC19D4A00F7D3E6 /* Sources */ = {
			isa = PBXSourcesBuildPhase;
			buildActionMask = 2147483647;
			files = (
				BE18A5C82BC1A73100F7D3E6 /* FrameworkDetailView.swift in Sources */,
				BE18A5C42BC1A01D00F7D3E6 /* FrameworkGridView.swift in Sources */,
				BE18A5D22BC1B71D00F7D3E6 /* XDismissButton.swift in Sources */,
				BE18A5C22BC19D7A00F7D3E6 /* Framework.swift in Sources */,
				BE18A5CA2BC1A91D00F7D3E6 /* AFButton.swift in Sources */,
				BE18A5B42BC19D4A00F7D3E6 /* Apple_FrameworksApp.swift in Sources */,
				BE18A5CC2BC1AE8600F7D3E6 /* FrameworkGridViewModel.swift in Sources */,
				BE18A5D02BC1B6BF00F7D3E6 /* FrameworkTitleView.swift in Sources */,
				BE18A5CE2BC1B36000F7D3E6 /* SafariView.swift in Sources */,
			);
			runOnlyForDeploymentPostprocessing = 0;
		};
/* End PBXSourcesBuildPhase section */

/* Begin XCBuildConfiguration section */
		BE18A5BC2BC19D4B00F7D3E6 /* Debug */ = {
			isa = XCBuildConfiguration;
			buildSettings = {
				ALWAYS_SEARCH_USER_PATHS = NO;
				ASSETCATALOG_COMPILER_GENERATE_SWIFT_ASSET_SYMBOL_EXTENSIONS = YES;
				CLANG_ANALYZER_NONNULL = YES;
				CLANG_ANALYZER_NUMBER_OBJECT_CONVERSION = YES_AGGRESSIVE;
				CLANG_CXX_LANGUAGE_STANDARD = "gnu++20";
				CLANG_ENABLE_MODULES = YES;
				CLANG_ENABLE_OBJC_ARC = YES;
				CLANG_ENABLE_OBJC_WEAK = YES;
				CLANG_WARN_BLOCK_CAPTURE_AUTORELEASING = YES;
				CLANG_WARN_BOOL_CONVERSION = YES;
				CLANG_WARN_COMMA = YES;
				CLANG_WARN_CONSTANT_CONVERSION = YES;
				CLANG_WARN_DEPRECATED_OBJC_IMPLEMENTATIONS = YES;
				CLANG_WARN_DIRECT_OBJC_ISA_USAGE = YES_ERROR;
				CLANG_WARN_DOCUMENTATION_COMMENTS = YES;
				CLANG_WARN_EMPTY_BODY = YES;
				CLANG_WARN_ENUM_CONVERSION = YES;
				CLANG_WARN_INFINITE_RECURSION = YES;
				CLANG_WARN_INT_CONVERSION = YES;
				CLANG_WARN_NON_LITERAL_NULL_CONVERSION = YES;
				CLANG_WARN_OBJC_IMPLICIT_RETAIN_SELF = YES;
				CLANG_WARN_OBJC_LITERAL_CONVERSION = YES;
				CLANG_WARN_OBJC_ROOT_CLASS = YES_ERROR;
				CLANG_WARN_QUOTED_INCLUDE_IN_FRAMEWORK_HEADER = YES;
				CLANG_WARN_RANGE_LOOP_ANALYSIS = YES;
				CLANG_WARN_STRICT_PROTOTYPES = YES;
				CLANG_WARN_SUSPICIOUS_MOVE = YES;
				CLANG_WARN_UNGUARDED_AVAILABILITY = YES_AGGRESSIVE;
				CLANG_WARN_UNREACHABLE_CODE = YES;
				CLANG_WARN__DUPLICATE_METHOD_MATCH = YES;
				COPY_PHASE_STRIP = NO;
				DEBUG_INFORMATION_FORMAT = dwarf;
				ENABLE_STRICT_OBJC_MSGSEND = YES;
				ENABLE_TESTABILITY = YES;
				ENABLE_USER_SCRIPT_SANDBOXING = YES;
				GCC_C_LANGUAGE_STANDARD = gnu17;
				GCC_DYNAMIC_NO_PIC = NO;
				GCC_NO_COMMON_BLOCKS = YES;
				GCC_OPTIMIZATION_LEVEL = 0;
				GCC_PREPROCESSOR_DEFINITIONS = (
					"DEBUG=1",
					"$(inherited)",
				);
				GCC_WARN_64_TO_32_BIT_CONVERSION = YES;
				GCC_WARN_ABOUT_RETURN_TYPE = YES_ERROR;
				GCC_WARN_UNDECLARED_SELECTOR = YES;
				GCC_WARN_UNINITIALIZED_AUTOS = YES_AGGRESSIVE;
				GCC_WARN_UNUSED_FUNCTION = YES;
				GCC_WARN_UNUSED_VARIABLE = YES;
				IPHONEOS_DEPLOYMENT_TARGET = 17.4;
				LOCALIZATION_PREFERS_STRING_CATALOGS = YES;
				MTL_ENABLE_DEBUG_INFO = INCLUDE_SOURCE;
				MTL_FAST_MATH = YES;
				ONLY_ACTIVE_ARCH = YES;
				SDKROOT = iphoneos;
				SWIFT_ACTIVE_COMPILATION_CONDITIONS = "DEBUG $(inherited)";
				SWIFT_OPTIMIZATION_LEVEL = "-Onone";
			};
			name = Debug;
		};
		BE18A5BD2BC19D4B00F7D3E6 /* Release */ = {
			isa = XCBuildConfiguration;
			buildSettings = {
				ALWAYS_SEARCH_USER_PATHS = NO;
				ASSETCATALOG_COMPILER_GENERATE_SWIFT_ASSET_SYMBOL_EXTENSIONS = YES;
				CLANG_ANALYZER_NONNULL = YES;
				CLANG_ANALYZER_NUMBER_OBJECT_CONVERSION = YES_AGGRESSIVE;
				CLANG_CXX_LANGUAGE_STANDARD = "gnu++20";
				CLANG_ENABLE_MODULES = YES;
				CLANG_ENABLE_OBJC_ARC = YES;
				CLANG_ENABLE_OBJC_WEAK = YES;
				CLANG_WARN_BLOCK_CAPTURE_AUTORELEASING = YES;
				CLANG_WARN_BOOL_CONVERSION = YES;
				CLANG_WARN_COMMA = YES;
				CLANG_WARN_CONSTANT_CONVERSION = YES;
				CLANG_WARN_DEPRECATED_OBJC_IMPLEMENTATIONS = YES;
				CLANG_WARN_DIRECT_OBJC_ISA_USAGE = YES_ERROR;
				CLANG_WARN_DOCUMENTATION_COMMENTS = YES;
				CLANG_WARN_EMPTY_BODY = YES;
				CLANG_WARN_ENUM_CONVERSION = YES;
				CLANG_WARN_INFINITE_RECURSION = YES;
				CLANG_WARN_INT_CONVERSION = YES;
				CLANG_WARN_NON_LITERAL_NULL_CONVERSION = YES;
				CLANG_WARN_OBJC_IMPLICIT_RETAIN_SELF = YES;
				CLANG_WARN_OBJC_LITERAL_CONVERSION = YES;
				CLANG_WARN_OBJC_ROOT_CLASS = YES_ERROR;
				CLANG_WARN_QUOTED_INCLUDE_IN_FRAMEWORK_HEADER = YES;
				CLANG_WARN_RANGE_LOOP_ANALYSIS = YES;
				CLANG_WARN_STRICT_PROTOTYPES = YES;
				CLANG_WARN_SUSPICIOUS_MOVE = YES;
				CLANG_WARN_UNGUARDED_AVAILABILITY = YES_AGGRESSIVE;
				CLANG_WARN_UNREACHABLE_CODE = YES;
				CLANG_WARN__DUPLICATE_METHOD_MATCH = YES;
				COPY_PHASE_STRIP = NO;
				DEBUG_INFORMATION_FORMAT = "dwarf-with-dsym";
				ENABLE_NS_ASSERTIONS = NO;
				ENABLE_STRICT_OBJC_MSGSEND = YES;
				ENABLE_USER_SCRIPT_SANDBOXING = YES;
				GCC_C_LANGUAGE_STANDARD = gnu17;
				GCC_NO_COMMON_BLOCKS = YES;
				GCC_WARN_64_TO_32_BIT_CONVERSION = YES;
				GCC_WARN_ABOUT_RETURN_TYPE = YES_ERROR;
				GCC_WARN_UNDECLARED_SELECTOR = YES;
				GCC_WARN_UNINITIALIZED_AUTOS = YES_AGGRESSIVE;
				GCC_WARN_UNUSED_FUNCTION = YES;
				GCC_WARN_UNUSED_VARIABLE = YES;
				IPHONEOS_DEPLOYMENT_TARGET = 17.4;
				LOCALIZATION_PREFERS_STRING_CATALOGS = YES;
				MTL_ENABLE_DEBUG_INFO = NO;
				MTL_FAST_MATH = YES;
				SDKROOT = iphoneos;
				SWIFT_COMPILATION_MODE = wholemodule;
				VALIDATE_PRODUCT = YES;
			};
			name = Release;
		};
		BE18A5BF2BC19D4B00F7D3E6 /* Debug */ = {
			isa = XCBuildConfiguration;
			buildSettings = {
				ASSETCATALOG_COMPILER_APPICON_NAME = AppIcon;
				ASSETCATALOG_COMPILER_GLOBAL_ACCENT_COLOR_NAME = AccentColor;
				CODE_SIGN_STYLE = Automatic;
				CURRENT_PROJECT_VERSION = 1;
				DEVELOPMENT_ASSET_PATHS = "\"Apple-Frameworks/Preview Content\"";
				DEVELOPMENT_TEAM = 637V5ANJMR;
				ENABLE_PREVIEWS = YES;
				GENERATE_INFOPLIST_FILE = YES;
				INFOPLIST_KEY_UIApplicationSceneManifest_Generation = YES;
				INFOPLIST_KEY_UIApplicationSupportsIndirectInputEvents = YES;
				INFOPLIST_KEY_UILaunchScreen_Generation = YES;
				INFOPLIST_KEY_UISupportedInterfaceOrientations_iPad = "UIInterfaceOrientationPortrait UIInterfaceOrientationPortraitUpsideDown UIInterfaceOrientationLandscapeLeft UIInterfaceOrientationLandscapeRight";
				INFOPLIST_KEY_UISupportedInterfaceOrientations_iPhone = "UIInterfaceOrientationPortrait UIInterfaceOrientationLandscapeLeft UIInterfaceOrientationLandscapeRight";
				LD_RUNPATH_SEARCH_PATHS = (
					"$(inherited)",
					"@executable_path/Frameworks",
				);
				MARKETING_VERSION = 1.0;
				PRODUCT_BUNDLE_IDENTIFIER = "com.yevhenii-m.Apple-Frameworks";
				PRODUCT_NAME = "$(TARGET_NAME)";
				SWIFT_EMIT_LOC_STRINGS = YES;
				SWIFT_VERSION = 5.0;
				TARGETED_DEVICE_FAMILY = "1,2";
			};
			name = Debug;
		};
		BE18A5C02BC19D4B00F7D3E6 /* Release */ = {
			isa = XCBuildConfiguration;
			buildSettings = {
				ASSETCATALOG_COMPILER_APPICON_NAME = AppIcon;
				ASSETCATALOG_COMPILER_GLOBAL_ACCENT_COLOR_NAME = AccentColor;
				CODE_SIGN_STYLE = Automatic;
				CURRENT_PROJECT_VERSION = 1;
				DEVELOPMENT_ASSET_PATHS = "\"Apple-Frameworks/Preview Content\"";
				DEVELOPMENT_TEAM = 637V5ANJMR;
				ENABLE_PREVIEWS = YES;
				GENERATE_INFOPLIST_FILE = YES;
				INFOPLIST_KEY_UIApplicationSceneManifest_Generation = YES;
				INFOPLIST_KEY_UIApplicationSupportsIndirectInputEvents = YES;
				INFOPLIST_KEY_UILaunchScreen_Generation = YES;
				INFOPLIST_KEY_UISupportedInterfaceOrientations_iPad = "UIInterfaceOrientationPortrait UIInterfaceOrientationPortraitUpsideDown UIInterfaceOrientationLandscapeLeft UIInterfaceOrientationLandscapeRight";
				INFOPLIST_KEY_UISupportedInterfaceOrientations_iPhone = "UIInterfaceOrientationPortrait UIInterfaceOrientationLandscapeLeft UIInterfaceOrientationLandscapeRight";
				LD_RUNPATH_SEARCH_PATHS = (
					"$(inherited)",
					"@executable_path/Frameworks",
				);
				MARKETING_VERSION = 1.0;
				PRODUCT_BUNDLE_IDENTIFIER = "com.yevhenii-m.Apple-Frameworks";
				PRODUCT_NAME = "$(TARGET_NAME)";
				SWIFT_EMIT_LOC_STRINGS = YES;
				SWIFT_VERSION = 5.0;
				TARGETED_DEVICE_FAMILY = "1,2";
			};
			name = Release;
		};
/* End XCBuildConfiguration section */

/* Begin XCConfigurationList section */
		BE18A5AB2BC19D4900F7D3E6 /* Build configuration list for PBXProject "Apple-Frameworks" */ = {
			isa = XCConfigurationList;
			buildConfigurations = (
				BE18A5BC2BC19D4B00F7D3E6 /* Debug */,
				BE18A5BD2BC19D4B00F7D3E6 /* Release */,
			);
			defaultConfigurationIsVisible = 0;
			defaultConfigurationName = Release;
		};
		BE18A5BE2BC19D4B00F7D3E6 /* Build configuration list for PBXNativeTarget "Apple-Frameworks" */ = {
			isa = XCConfigurationList;
			buildConfigurations = (
				BE18A5BF2BC19D4B00F7D3E6 /* Debug */,
				BE18A5C02BC19D4B00F7D3E6 /* Release */,
			);
			defaultConfigurationIsVisible = 0;
			defaultConfigurationName = Release;
		};
/* End XCConfigurationList section */
	};
	rootObject = BE18A5A82BC19D4900F7D3E6 /* Project object */;
}
